// !$*UTF8*$!
{
	archiveVersion = 1;
	classes = {
	};
	objectVersion = 56;
	objects = {

/* Begin PBXBuildFile section */
		D91FCD8D2A5D39DA00266C24 /* AppDelegate.swift in Sources */ = {isa = PBXBuildFile; fileRef = D91FCD8C2A5D39DA00266C24 /* AppDelegate.swift */; };
		D91FCD8F2A5D39DA00266C24 /* SceneDelegate.swift in Sources */ = {isa = PBXBuildFile; fileRef = D91FCD8E2A5D39DA00266C24 /* SceneDelegate.swift */; };
		D91FCD912A5D39DA00266C24 /* ViewController.swift in Sources */ = {isa = PBXBuildFile; fileRef = D91FCD902A5D39DA00266C24 /* ViewController.swift */; };
		D91FCD942A5D39DA00266C24 /* Main.storyboard in Resources */ = {isa = PBXBuildFile; fileRef = D91FCD922A5D39DA00266C24 /* Main.storyboard */; };
		D91FCD962A5D39DE00266C24 /* Assets.xcassets in Resources */ = {isa = PBXBuildFile; fileRef = D91FCD952A5D39DE00266C24 /* Assets.xcassets */; };
		D91FCD992A5D39DE00266C24 /* LaunchScreen.storyboard in Resources */ = {isa = PBXBuildFile; fileRef = D91FCD972A5D39DE00266C24 /* LaunchScreen.storyboard */; };
		D91FCDA62A5D3A5600266C24 /* SWRevealViewController.m in Sources */ = {isa = PBXBuildFile; fileRef = D91FCDA52A5D3A5600266C24 /* SWRevealViewController.m */; };
		D91FCDA82A5D420600266C24 /* BackTableView.swift in Sources */ = {isa = PBXBuildFile; fileRef = D91FCDA72A5D420600266C24 /* BackTableView.swift */; };
		D91FCDAA2A5D4E5B00266C24 /* readLater.swift in Sources */ = {isa = PBXBuildFile; fileRef = D91FCDA92A5D4E5B00266C24 /* readLater.swift */; };
		D91FCDAC2A5D4E7E00266C24 /* friendRead.swift in Sources */ = {isa = PBXBuildFile; fileRef = D91FCDAB2A5D4E7E00266C24 /* friendRead.swift */; };
		D91FCDAE2A5D4E9400266C24 /* channelNews.swift in Sources */ = {isa = PBXBuildFile; fileRef = D91FCDAD2A5D4E9400266C24 /* channelNews.swift */; };
/* End PBXBuildFile section */

/* Begin PBXFileReference section */
		D91FCD892A5D39DA00266C24 /* SlideMenu.app */ = {isa = PBXFileReference; explicitFileType = wrapper.application; includeInIndex = 0; path = SlideMenu.app; sourceTree = BUILT_PRODUCTS_DIR; };
		D91FCD8C2A5D39DA00266C24 /* AppDelegate.swift */ = {isa = PBXFileReference; lastKnownFileType = sourcecode.swift; path = AppDelegate.swift; sourceTree = "<group>"; };
		D91FCD8E2A5D39DA00266C24 /* SceneDelegate.swift */ = {isa = PBXFileReference; lastKnownFileType = sourcecode.swift; path = SceneDelegate.swift; sourceTree = "<group>"; };
		D91FCD902A5D39DA00266C24 /* ViewController.swift */ = {isa = PBXFileReference; lastKnownFileType = sourcecode.swift; path = ViewController.swift; sourceTree = "<group>"; };
		D91FCD932A5D39DA00266C24 /* Base */ = {isa = PBXFileReference; lastKnownFileType = file.storyboard; name = Base; path = Base.lproj/Main.storyboard; sourceTree = "<group>"; };
		D91FCD952A5D39DE00266C24 /* Assets.xcassets */ = {isa = PBXFileReference; lastKnownFileType = folder.assetcatalog; path = Assets.xcassets; sourceTree = "<group>"; };
		D91FCD982A5D39DE00266C24 /* Base */ = {isa = PBXFileReference; lastKnownFileType = file.storyboard; name = Base; path = Base.lproj/LaunchScreen.storyboard; sourceTree = "<group>"; };
		D91FCDA02A5D39F400266C24 /* SlideMenu-Bridging-Header.h */ = {isa = PBXFileReference; lastKnownFileType = sourcecode.c.h; path = "SlideMenu-Bridging-Header.h"; sourceTree = "<group>"; };
		D91FCDA42A5D3A4E00266C24 /* SWRevealViewController.h */ = {isa = PBXFileReference; fileEncoding = 4; lastKnownFileType = sourcecode.c.h; path = SWRevealViewController.h; sourceTree = "<group>"; };
		D91FCDA52A5D3A5600266C24 /* SWRevealViewController.m */ = {isa = PBXFileReference; fileEncoding = 4; lastKnownFileType = sourcecode.c.objc; path = SWRevealViewController.m; sourceTree = "<group>"; };
		D91FCDA72A5D420600266C24 /* BackTableView.swift */ = {isa = PBXFileReference; fileEncoding = 4; lastKnownFileType = sourcecode.swift; path = BackTableView.swift; sourceTree = "<group>"; };
		D91FCDA92A5D4E5B00266C24 /* readLater.swift */ = {isa = PBXFileReference; fileEncoding = 4; lastKnownFileType = sourcecode.swift; path = readLater.swift; sourceTree = "<group>"; };
		D91FCDAB2A5D4E7E00266C24 /* friendRead.swift */ = {isa = PBXFileReference; fileEncoding = 4; lastKnownFileType = sourcecode.swift; path = friendRead.swift; sourceTree = "<group>"; };
		D91FCDAD2A5D4E9400266C24 /* channelNews.swift */ = {isa = PBXFileReference; fileEncoding = 4; lastKnownFileType = sourcecode.swift; path = channelNews.swift; sourceTree = "<group>"; };
		D91FCDAF2A5D549B00266C24 /* Info.plist */ = {isa = PBXFileReference; fileEncoding = 4; lastKnownFileType = text.plist.xml; path = Info.plist; sourceTree = "<group>"; };
/* End PBXFileReference section */

/* Begin PBXFrameworksBuildPhase section */
		D91FCD862A5D39DA00266C24 /* Frameworks */ = {
			isa = PBXFrameworksBuildPhase;
			buildActionMask = 2147483647;
			files = (
			);
			runOnlyForDeploymentPostprocessing = 0;
		};
/* End PBXFrameworksBuildPhase section */

/* Begin PBXGroup section */
		D91FCD802A5D39DA00266C24 = {
			isa = PBXGroup;
			children = (
				D91FCD8B2A5D39DA00266C24 /* SlideMenu */,
				D91FCD8A2A5D39DA00266C24 /* Products */,
			);
			sourceTree = "<group>";
		};
		D91FCD8A2A5D39DA00266C24 /* Products */ = {
			isa = PBXGroup;
			children = (
				D91FCD892A5D39DA00266C24 /* SlideMenu.app */,
			);
			name = Products;
			sourceTree = "<group>";
		};
		D91FCD8B2A5D39DA00266C24 /* SlideMenu */ = {
			isa = PBXGroup;
			children = (
				D91FCD8C2A5D39DA00266C24 /* AppDelegate.swift */,
				D91FCD8E2A5D39DA00266C24 /* SceneDelegate.swift */,
				D91FCDA72A5D420600266C24 /* BackTableView.swift */,
				D91FCDAB2A5D4E7E00266C24 /* friendRead.swift */,
				D91FCDAD2A5D4E9400266C24 /* channelNews.swift */,
				D91FCDA92A5D4E5B00266C24 /* readLater.swift */,
				D91FCD902A5D39DA00266C24 /* ViewController.swift */,
				D91FCDAF2A5D549B00266C24 /* Info.plist */,
				D91FCD922A5D39DA00266C24 /* Main.storyboard */,
				D91FCD952A5D39DE00266C24 /* Assets.xcassets */,
				D91FCD972A5D39DE00266C24 /* LaunchScreen.storyboard */,
				D91FCDA42A5D3A4E00266C24 /* SWRevealViewController.h */,
				D91FCDA52A5D3A5600266C24 /* SWRevealViewController.m */,
				D91FCDA02A5D39F400266C24 /* SlideMenu-Bridging-Header.h */,
			);
			path = SlideMenu;
			sourceTree = "<group>";
		};
/* End PBXGroup section */

/* Begin PBXNativeTarget section */
		D91FCD882A5D39DA00266C24 /* SlideMenu */ = {
			isa = PBXNativeTarget;
			buildConfigurationList = D91FCD9D2A5D39DE00266C24 /* Build configuration list for PBXNativeTarget "SlideMenu" */;
			buildPhases = (
				D91FCD852A5D39DA00266C24 /* Sources */,
				D91FCD862A5D39DA00266C24 /* Frameworks */,
				D91FCD872A5D39DA00266C24 /* Resources */,
			);
			buildRules = (
			);
			dependencies = (
			);
			name = SlideMenu;
			productName = SlideMenu;
			productReference = D91FCD892A5D39DA00266C24 /* SlideMenu.app */;
			productType = "com.apple.product-type.application";
		};
/* End PBXNativeTarget section */

/* Begin PBXProject section */
		D91FCD812A5D39DA00266C24 /* Project object */ = {
			isa = PBXProject;
			attributes = {
				BuildIndependentTargetsInParallel = 1;
				LastSwiftUpdateCheck = 1420;
				LastUpgradeCheck = 1420;
				TargetAttributes = {
					D91FCD882A5D39DA00266C24 = {
						CreatedOnToolsVersion = 14.2;
						LastSwiftMigration = 1420;
					};
				};
			};
			buildConfigurationList = D91FCD842A5D39DA00266C24 /* Build configuration list for PBXProject "SlideMenu" */;
			compatibilityVersion = "Xcode 14.0";
			developmentRegion = en;
			hasScannedForEncodings = 0;
			knownRegions = (
				en,
				Base,
			);
			mainGroup = D91FCD802A5D39DA00266C24;
			productRefGroup = D91FCD8A2A5D39DA00266C24 /* Products */;
			projectDirPath = "";
			projectRoot = "";
			targets = (
				D91FCD882A5D39DA00266C24 /* SlideMenu */,
			);
		};
/* End PBXProject section */

/* Begin PBXResourcesBuildPhase section */
		D91FCD872A5D39DA00266C24 /* Resources */ = {
			isa = PBXResourcesBuildPhase;
			buildActionMask = 2147483647;
			files = (
				D91FCD992A5D39DE00266C24 /* LaunchScreen.storyboard in Resources */,
				D91FCD962A5D39DE00266C24 /* Assets.xcassets in Resources */,
				D91FCD942A5D39DA00266C24 /* Main.storyboard in Resources */,
			);
			runOnlyForDeploymentPostprocessing = 0;
		};
/* End PBXResourcesBuildPhase section */

/* Begin PBXSourcesBuildPhase section */
		D91FCD852A5D39DA00266C24 /* Sources */ = {
			isa = PBXSourcesBuildPhase;
			buildActionMask = 2147483647;
			files = (
				D91FCDAA2A5D4E5B00266C24 /* readLater.swift in Sources */,
				D91FCDAC2A5D4E7E00266C24 /* friendRead.swift in Sources */,
				D91FCDAE2A5D4E9400266C24 /* channelNews.swift in Sources */,
				D91FCDA82A5D420600266C24 /* BackTableView.swift in Sources */,
				D91FCD912A5D39DA00266C24 /* ViewController.swift in Sources */,
				D91FCD8D2A5D39DA00266C24 /* AppDelegate.swift in Sources */,
				D91FCD8F2A5D39DA00266C24 /* SceneDelegate.swift in Sources */,
				D91FCDA62A5D3A5600266C24 /* SWRevealViewController.m in Sources */,
			);
			runOnlyForDeploymentPostprocessing = 0;
		};
/* End PBXSourcesBuildPhase section */

/* Begin PBXVariantGroup section */
		D91FCD922A5D39DA00266C24 /* Main.storyboard */ = {
			isa = PBXVariantGroup;
			children = (
				D91FCD932A5D39DA00266C24 /* Base */,
			);
			name = Main.storyboard;
			sourceTree = "<group>";
		};
		D91FCD972A5D39DE00266C24 /* LaunchScreen.storyboard */ = {
			isa = PBXVariantGroup;
			children = (
				D91FCD982A5D39DE00266C24 /* Base */,
			);
			name = LaunchScreen.storyboard;
			sourceTree = "<group>";
		};
/* End PBXVariantGroup section */

/* Begin XCBuildConfiguration section */
		D91FCD9B2A5D39DE00266C24 /* Debug */ = {
			isa = XCBuildConfiguration;
			buildSettings = {
				ALWAYS_SEARCH_USER_PATHS = NO;
				CLANG_ANALYZER_NONNULL = YES;
				CLANG_ANALYZER_NUMBER_OBJECT_CONVERSION = YES_AGGRESSIVE;
				CLANG_CXX_LANGUAGE_STANDARD = "gnu++20";
				CLANG_ENABLE_MODULES = YES;
				CLANG_ENABLE_OBJC_ARC = YES;
				CLANG_ENABLE_OBJC_WEAK = YES;
				CLANG_WARN_BLOCK_CAPTURE_AUTORELEASING = YES;
				CLANG_WARN_BOOL_CONVERSION = YES;
				CLANG_WARN_COMMA = YES;
				CLANG_WARN_CONSTANT_CONVERSION = YES;
				CLANG_WARN_DEPRECATED_OBJC_IMPLEMENTATIONS = YES;
				CLANG_WARN_DIRECT_OBJC_ISA_USAGE = YES_ERROR;
				CLANG_WARN_DOCUMENTATION_COMMENTS = YES;
				CLANG_WARN_EMPTY_BODY = YES;
				CLANG_WARN_ENUM_CONVERSION = YES;
				CLANG_WARN_INFINITE_RECURSION = YES;
				CLANG_WARN_INT_CONVERSION = YES;
				CLANG_WARN_NON_LITERAL_NULL_CONVERSION = YES;
				CLANG_WARN_OBJC_IMPLICIT_RETAIN_SELF = YES;
				CLANG_WARN_OBJC_LITERAL_CONVERSION = YES;
				CLANG_WARN_OBJC_ROOT_CLASS = YES_ERROR;
				CLANG_WARN_QUOTED_INCLUDE_IN_FRAMEWORK_HEADER = YES;
				CLANG_WARN_RANGE_LOOP_ANALYSIS = YES;
				CLANG_WARN_STRICT_PROTOTYPES = YES;
				CLANG_WARN_SUSPICIOUS_MOVE = YES;
				CLANG_WARN_UNGUARDED_AVAILABILITY = YES_AGGRESSIVE;
				CLANG_WARN_UNREACHABLE_CODE = YES;
				CLANG_WARN__DUPLICATE_METHOD_MATCH = YES;
				COPY_PHASE_STRIP = NO;
				DEBUG_INFORMATION_FORMAT = dwarf;
				ENABLE_STRICT_OBJC_MSGSEND = YES;
				ENABLE_TESTABILITY = YES;
				GCC_C_LANGUAGE_STANDARD = gnu11;
				GCC_DYNAMIC_NO_PIC = NO;
				GCC_NO_COMMON_BLOCKS = YES;
				GCC_OPTIMIZATION_LEVEL = 0;
				GCC_PREPROCESSOR_DEFINITIONS = (
					"DEBUG=1",
					"$(inherited)",
				);
				GCC_WARN_64_TO_32_BIT_CONVERSION = YES;
				GCC_WARN_ABOUT_RETURN_TYPE = YES_ERROR;
				GCC_WARN_UNDECLARED_SELECTOR = YES;
				GCC_WARN_UNINITIALIZED_AUTOS = YES_AGGRESSIVE;
				GCC_WARN_UNUSED_FUNCTION = YES;
				GCC_WARN_UNUSED_VARIABLE = YES;
				IPHONEOS_DEPLOYMENT_TARGET = 16.2;
				MTL_ENABLE_DEBUG_INFO = INCLUDE_SOURCE;
				MTL_FAST_MATH = YES;
				ONLY_ACTIVE_ARCH = YES;
				SDKROOT = iphoneos;
				SWIFT_ACTIVE_COMPILATION_CONDITIONS = DEBUG;
				SWIFT_OPTIMIZATION_LEVEL = "-Onone";
			};
			name = Debug;
		};
		D91FCD9C2A5D39DE00266C24 /* Release */ = {
			isa = XCBuildConfiguration;
			buildSettings = {
				ALWAYS_SEARCH_USER_PATHS = NO;
				CLANG_ANALYZER_NONNULL = YES;
				CLANG_ANALYZER_NUMBER_OBJECT_CONVERSION = YES_AGGRESSIVE;
				CLANG_CXX_LANGUAGE_STANDARD = "gnu++20";
				CLANG_ENABLE_MODULES = YES;
				CLANG_ENABLE_OBJC_ARC = YES;
				CLANG_ENABLE_OBJC_WEAK = YES;
				CLANG_WARN_BLOCK_CAPTURE_AUTORELEASING = YES;
				CLANG_WARN_BOOL_CONVERSION = YES;
				CLANG_WARN_COMMA = YES;
				CLANG_WARN_CONSTANT_CONVERSION = YES;
				CLANG_WARN_DEPRECATED_OBJC_IMPLEMENTATIONS = YES;
				CLANG_WARN_DIRECT_OBJC_ISA_USAGE = YES_ERROR;
				CLANG_WARN_DOCUMENTATION_COMMENTS = YES;
				CLANG_WARN_EMPTY_BODY = YES;
				CLANG_WARN_ENUM_CONVERSION = YES;
				CLANG_WARN_INFINITE_RECURSION = YES;
				CLANG_WARN_INT_CONVERSION = YES;
				CLANG_WARN_NON_LITERAL_NULL_CONVERSION = YES;
				CLANG_WARN_OBJC_IMPLICIT_RETAIN_SELF = YES;
				CLANG_WARN_OBJC_LITERAL_CONVERSION = YES;
				CLANG_WARN_OBJC_ROOT_CLASS = YES_ERROR;
				CLANG_WARN_QUOTED_INCLUDE_IN_FRAMEWORK_HEADER = YES;
				CLANG_WARN_RANGE_LOOP_ANALYSIS = YES;
				CLANG_WARN_STRICT_PROTOTYPES = YES;
				CLANG_WARN_SUSPICIOUS_MOVE = YES;
				CLANG_WARN_UNGUARDED_AVAILABILITY = YES_AGGRESSIVE;
				CLANG_WARN_UNREACHABLE_CODE = YES;
				CLANG_WARN__DUPLICATE_METHOD_MATCH = YES;
				COPY_PHASE_STRIP = NO;
				DEBUG_INFORMATION_FORMAT = "dwarf-with-dsym";
				ENABLE_NS_ASSERTIONS = NO;
				ENABLE_STRICT_OBJC_MSGSEND = YES;
				GCC_C_LANGUAGE_STANDARD = gnu11;
				GCC_NO_COMMON_BLOCKS = YES;
				GCC_WARN_64_TO_32_BIT_CONVERSION = YES;
				GCC_WARN_ABOUT_RETURN_TYPE = YES_ERROR;
				GCC_WARN_UNDECLARED_SELECTOR = YES;
				GCC_WARN_UNINITIALIZED_AUTOS = YES_AGGRESSIVE;
				GCC_WARN_UNUSED_FUNCTION = YES;
				GCC_WARN_UNUSED_VARIABLE = YES;
				IPHONEOS_DEPLOYMENT_TARGET = 16.2;
				MTL_ENABLE_DEBUG_INFO = NO;
				MTL_FAST_MATH = YES;
				SDKROOT = iphoneos;
				SWIFT_COMPILATION_MODE = wholemodule;
				SWIFT_OPTIMIZATION_LEVEL = "-O";
				VALIDATE_PRODUCT = YES;
			};
			name = Release;
		};
		D91FCD9E2A5D39DE00266C24 /* Debug */ = {
			isa = XCBuildConfiguration;
			buildSettings = {
				ASSETCATALOG_COMPILER_APPICON_NAME = AppIcon;
				ASSETCATALOG_COMPILER_GLOBAL_ACCENT_COLOR_NAME = AccentColor;
				CLANG_ENABLE_MODULES = YES;
				CODE_SIGN_STYLE = Automatic;
				CURRENT_PROJECT_VERSION = 1;
				GENERATE_INFOPLIST_FILE = YES;
				INFOPLIST_FILE = SlideMenu/Info.plist;
				INFOPLIST_KEY_UIApplicationSupportsIndirectInputEvents = YES;
				INFOPLIST_KEY_UILaunchStoryboardName = LaunchScreen;
				INFOPLIST_KEY_UIMainStoryboardFile = Main;
				INFOPLIST_KEY_UISupportedInterfaceOrientations_iPad = "UIInterfaceOrientationPortrait UIInterfaceOrientationPortraitUpsideDown UIInterfaceOrientationLandscapeLeft UIInterfaceOrientationLandscapeRight";
				INFOPLIST_KEY_UISupportedInterfaceOrientations_iPhone = "UIInterfaceOrientationPortrait UIInterfaceOrientationLandscapeLeft UIInterfaceOrientationLandscapeRight";
				IPHONEOS_DEPLOYMENT_TARGET = 16.2;
				LD_RUNPATH_SEARCH_PATHS = (
					"$(inherited)",
					"@executable_path/Frameworks",
				);
				MARKETING_VERSION = 1.0;
				PRODUCT_BUNDLE_IDENTIFIER = imc.SlideMenu;
				PRODUCT_NAME = "$(TARGET_NAME)";
				SWIFT_EMIT_LOC_STRINGS = YES;
				SWIFT_OBJC_BRIDGING_HEADER = "SlideMenu/SlideMenu-Bridging-Header.h";
				SWIFT_OPTIMIZATION_LEVEL = "-Onone";
				SWIFT_VERSION = 5.0;
				TARGETED_DEVICE_FAMILY = "1,2";
			};
			name = Debug;
		};
		D91FCD9F2A5D39DE00266C24 /* Release */ = {
			isa = XCBuildConfiguration;
			buildSettings = {
				ASSETCATALOG_COMPILER_APPICON_NAME = AppIcon;
				ASSETCATALOG_COMPILER_GLOBAL_ACCENT_COLOR_NAME = AccentColor;
				CLANG_ENABLE_MODULES = YES;
				CODE_SIGN_STYLE = Automatic;
				CURRENT_PROJECT_VERSION = 1;
				GENERATE_INFOPLIST_FILE = YES;
				INFOPLIST_FILE = SlideMenu/Info.plist;
				INFOPLIST_KEY_UIApplicationSupportsIndirectInputEvents = YES;
				INFOPLIST_KEY_UILaunchStoryboardName = LaunchScreen;
				INFOPLIST_KEY_UIMainStoryboardFile = Main;
				INFOPLIST_KEY_UISupportedInterfaceOrientations_iPad = "UIInterfaceOrientationPortrait UIInterfaceOrientationPortraitUpsideDown UIInterfaceOrientationLandscapeLeft UIInterfaceOrientationLandscapeRight";
				INFOPLIST_KEY_UISupportedInterfaceOrientations_iPhone = "UIInterfaceOrientationPortrait UIInterfaceOrientationLandscapeLeft UIInterfaceOrientationLandscapeRight";
				IPHONEOS_DEPLOYMENT_TARGET = 16.2;
				LD_RUNPATH_SEARCH_PATHS = (
					"$(inherited)",
					"@executable_path/Frameworks",
				);
				MARKETING_VERSION = 1.0;
				PRODUCT_BUNDLE_IDENTIFIER = imc.SlideMenu;
				PRODUCT_NAME = "$(TARGET_NAME)";
				SWIFT_EMIT_LOC_STRINGS = YES;
				SWIFT_OBJC_BRIDGING_HEADER = "SlideMenu/SlideMenu-Bridging-Header.h";
				SWIFT_VERSION = 5.0;
				TARGETED_DEVICE_FAMILY = "1,2";
			};
			name = Release;
		};
/* End XCBuildConfiguration section */

/* Begin XCConfigurationList section */
		D91FCD842A5D39DA00266C24 /* Build configuration list for PBXProject "SlideMenu" */ = {
			isa = XCConfigurationList;
			buildConfigurations = (
				D91FCD9B2A5D39DE00266C24 /* Debug */,
				D91FCD9C2A5D39DE00266C24 /* Release */,
			);
			defaultConfigurationIsVisible = 0;
			defaultConfigurationName = Release;
		};
		D91FCD9D2A5D39DE00266C24 /* Build configuration list for PBXNativeTarget "SlideMenu" */ = {
			isa = XCConfigurationList;
			buildConfigurations = (
				D91FCD9E2A5D39DE00266C24 /* Debug */,
				D91FCD9F2A5D39DE00266C24 /* Release */,
			);
			defaultConfigurationIsVisible = 0;
			defaultConfigurationName = Release;
		};
/* End XCConfigurationList section */
	};
	rootObject = D91FCD812A5D39DA00266C24 /* Project object */;
}
